<?xml version="1.0" encoding="utf-8"?>
<Project ToolsVersion="4.0" xmlns="http://schemas.microsoft.com/developer/msbuild/2003">
  <ItemGroup>
    <Filter Include="ソース ファイル">
      <UniqueIdentifier>{4FC737F1-C7A5-4376-A066-2A32D752A2FF}</UniqueIdentifier>
      <Extensions>cpp;c;cc;cxx;c++;cppm;ixx;def;odl;idl;hpj;bat;asm;asmx</Extensions>
    </Filter>
    <Filter Include="ヘッダー ファイル">
      <UniqueIdentifier>{93995380-89BD-4b04-88EB-625FBE52EBFB}</UniqueIdentifier>
      <Extensions>h;hh;hpp;hxx;h++;hm;inl;inc;ipp;xsd</Extensions>
    </Filter>
    <Filter Include="リソース ファイル">
      <UniqueIdentifier>{67DA6AB6-F800-4c08-8B7A-83BB121AAD01}</UniqueIdentifier>
      <Extensions>rc;ico;cur;bmp;dlg;rc2;rct;bin;rgs;gif;jpg;jpeg;jpe;resx;tiff;tif;png;wav;mfcribbon-ms</Extensions>
    </Filter>
    <Filter Include="Core">
      <UniqueIdentifier>{a30be551-0b48-44a0-92bb-577fc99adbba}</UniqueIdentifier>
    </Filter>
    <Filter Include="GamePlay">
      <UniqueIdentifier>{18608891-cdb5-4238-a408-0af976a0a8c9}</UniqueIdentifier>
    </Filter>
    <Filter Include="Actor">
      <UniqueIdentifier>{ec4442bf-d811-45d3-afbf-01079dc2e648}</UniqueIdentifier>
    </Filter>
    <Filter Include="UI">
      <UniqueIdentifier>{cacf56fd-f372-45de-bc5a-3dc4b00a3542}</UniqueIdentifier>
    </Filter>
    <Filter Include="System">
      <UniqueIdentifier>{f074566b-855e-4c9a-9526-8cb2db27644c}</UniqueIdentifier>
    </Filter>
    <Filter Include="GamePlay\Manager">
      <UniqueIdentifier>{a976822b-1049-48af-a243-c055b5a02a88}</UniqueIdentifier>
    </Filter>
    <Filter Include="GamePlay\Scene">
      <UniqueIdentifier>{2b2fbac8-4195-4b86-aa7c-26c3da819310}</UniqueIdentifier>
    </Filter>
    <Filter Include="Actor\Base">
      <UniqueIdentifier>{2084862b-6154-4289-b6ec-1a1535f81f4b}</UniqueIdentifier>
    </Filter>
    <Filter Include="Actor\Character">
      <UniqueIdentifier>{edea1637-865d-4ae2-b8c9-26a8b35c15f0}</UniqueIdentifier>
    </Filter>
    <Filter Include="Actor\Gimmick">
      <UniqueIdentifier>{51932eeb-9239-4e66-a921-4df7e11d025c}</UniqueIdentifier>
    </Filter>
    <Filter Include="System\Audio">
      <UniqueIdentifier>{af39734e-bbcc-46b8-bb0c-d4d8f312499e}</UniqueIdentifier>
    </Filter>
    <Filter Include="System\Utility">
      <UniqueIdentifier>{96d70411-e065-498e-bd97-83fb72f7dc72}</UniqueIdentifier>
    </Filter>
    <Filter Include="UI\Component">
      <UniqueIdentifier>{34e5b8c9-c9e5-4440-87c6-ebca487aff55}</UniqueIdentifier>
    </Filter>
    <Filter Include="UI\System">
      <UniqueIdentifier>{f12c4b04-bb58-4d6b-aaa4-7ca1c387f6f9}</UniqueIdentifier>
    </Filter>
    <Filter Include="EnumClass">
      <UniqueIdentifier>{f9f3a156-9619-4e67-b6e4-60476801752f}</UniqueIdentifier>
    </Filter>
    <Filter Include="Shader">
      <UniqueIdentifier>{d0edc08a-caf3-4edb-ae09-b882f04bb26f}</UniqueIdentifier>
    </Filter>
    <Filter Include="System\imgui">
      <UniqueIdentifier>{67344c5e-bc37-4a43-a53d-9302c1a2002b}</UniqueIdentifier>
    </Filter>
  </ItemGroup>
  <ItemGroup>
    <None Include=".gitattributes" />
    <None Include=".gitignore" />
    <None Include="DirectXTK.props" />
    <None Include="imgui.ini" />
    <None Include="nekobutsuke_camera.ini" />
    <None Include="Shader\common.hlsl">
      <Filter>Shader</Filter>
    </None>
    <None Include="Shader\GeometryShader.hlsl">
      <Filter>Shader</Filter>
    </None>
    <None Include="Shader\UnlitTexturePS.hlsl">
      <Filter>Shader</Filter>
    </None>
    <None Include="Shader\UnlitTextureVS.hlsl">
      <Filter>Shader</Filter>
    </None>
  </ItemGroup>
  <ItemGroup>
    <ClCompile Include="Core\Application.cpp">
      <Filter>Core</Filter>
    </ClCompile>
    <ClCompile Include="Core\Game.cpp">
      <Filter>Core</Filter>
    </ClCompile>
    <ClCompile Include="Core\GameContext.cpp">
      <Filter>Core</Filter>
    </ClCompile>
    <ClCompile Include="Core\main.cpp">
      <Filter>Core</Filter>
    </ClCompile>
    <ClCompile Include="GamePlay\Manager\EffectManager.cpp">
      <Filter>GamePlay\Manager</Filter>
    </ClCompile>
    <ClCompile Include="GamePlay\Manager\EnemyManager.cpp">
      <Filter>GamePlay\Manager</Filter>
    </ClCompile>
    <ClCompile Include="GamePlay\Manager\MapManager.cpp">
      <Filter>GamePlay\Manager</Filter>
    </ClCompile>
    <ClCompile Include="GamePlay\Scene\Background.cpp">
      <Filter>GamePlay\Scene</Filter>
    </ClCompile>
    <ClCompile Include="GamePlay\Scene\GameClearScene.cpp">
      <Filter>GamePlay\Scene</Filter>
    </ClCompile>
    <ClCompile Include="GamePlay\Scene\GameOverScene.cpp">
      <Filter>GamePlay\Scene</Filter>
    </ClCompile>
    <ClCompile Include="GamePlay\Scene\GameScene.cpp">
      <Filter>GamePlay\Scene</Filter>
    </ClCompile>
    <ClCompile Include="GamePlay\Scene\TitleScene.cpp">
      <Filter>GamePlay\Scene</Filter>
    </ClCompile>
    <ClCompile Include="Actor\Base\MapObject.cpp">
      <Filter>Actor\Base</Filter>
    </ClCompile>
    <ClCompile Include="Actor\Base\Unit.cpp">
      <Filter>Actor\Base</Filter>
    </ClCompile>
    <ClCompile Include="Actor\Character\Ally.cpp">
      <Filter>Actor\Character</Filter>
    </ClCompile>
    <ClCompile Include="Actor\Character\Enemy.cpp">
      <Filter>Actor\Character</Filter>
    </ClCompile>
    <ClCompile Include="Actor\Character\Player.cpp">
      <Filter>Actor\Character</Filter>
    </ClCompile>
    <ClCompile Include="Actor\Gimmick\Prop.cpp">
      <Filter>Actor\Gimmick</Filter>
    </ClCompile>
    <ClCompile Include="Actor\Gimmick\Trap.cpp">
      <Filter>Actor\Gimmick</Filter>
    </ClCompile>
    <ClCompile Include="System\Audio\AudioManager.cpp">
      <Filter>System\Audio</Filter>
    </ClCompile>
    <ClCompile Include="System\AssimpPerse.cpp">
      <Filter>System</Filter>
    </ClCompile>
    <ClCompile Include="System\BackgroundTransition.cpp">
      <Filter>System</Filter>
    </ClCompile>
    <ClCompile Include="System\BoxDrawer.cpp">
      <Filter>System</Filter>
    </ClCompile>
    <ClCompile Include="System\C3DShape.cpp">
      <Filter>System</Filter>
    </ClCompile>
    <ClCompile Include="System\Camera.cpp">
      <Filter>System</Filter>
    </ClCompile>
    <ClCompile Include="System\CapsuleDrawer.cpp">
      <Filter>System</Filter>
    </ClCompile>
    <ClCompile Include="System\CConeMesh.cpp">
      <Filter>System</Filter>
    </ClCompile>
    <ClCompile Include="System\CCylinderMesh.cpp">
      <Filter>System</Filter>
    </ClCompile>
    <ClCompile Include="System\CLineMesh.cpp">
      <Filter>System</Filter>
    </ClCompile>
    <ClCompile Include="System\Collision.cpp">
      <Filter>System</Filter>
    </ClCompile>
    <ClCompile Include="System\ConeDrawer.cpp">
      <Filter>System</Filter>
    </ClCompile>
    <ClCompile Include="System\CPlane.cpp">
      <Filter>System</Filter>
    </ClCompile>
    <ClCompile Include="System\CPlaneMesh.cpp">
      <Filter>System</Filter>
    </ClCompile>
    <ClCompile Include="System\CShader.cpp">
      <Filter>System</Filter>
    </ClCompile>
    <ClCompile Include="System\CSprite.cpp">
      <Filter>System</Filter>
    </ClCompile>
    <ClCompile Include="System\CStaticMesh.cpp">
      <Filter>System</Filter>
    </ClCompile>
    <ClCompile Include="System\CStaticMeshRenderer.cpp">
      <Filter>System</Filter>
    </ClCompile>
    <ClCompile Include="System\CTexture.cpp">
      <Filter>System</Filter>
    </ClCompile>
    <ClCompile Include="System\CylinderDrawer.cpp">
      <Filter>System</Filter>
    </ClCompile>
    <ClCompile Include="System\DebugUI.cpp">
      <Filter>System</Filter>
    </ClCompile>
    <ClCompile Include="System\DirectWrite .cpp">
      <Filter>System</Filter>
    </ClCompile>
    <ClCompile Include="System\dx11helper.cpp">
      <Filter>System</Filter>
    </ClCompile>
    <ClCompile Include="System\FadeTransition.cpp">
      <Filter>System</Filter>
    </ClCompile>
    <ClCompile Include="System\LineDrawer.cpp">
      <Filter>System</Filter>
    </ClCompile>
    <ClCompile Include="System\Meshmanager.cpp">
      <Filter>System</Filter>
    </ClCompile>
    <ClCompile Include="System\Renderer.cpp">
      <Filter>System</Filter>
    </ClCompile>
    <ClCompile Include="System\SceneManager.cpp">
      <Filter>System</Filter>
    </ClCompile>
    <ClCompile Include="System\SphereDrawer.cpp">
      <Filter>System</Filter>
    </ClCompile>
    <ClCompile Include="System\stb.cpp">
      <Filter>System</Filter>
    </ClCompile>
    <ClCompile Include="System\TriangleDrawer.cpp">
      <Filter>System</Filter>
    </ClCompile>
    <ClCompile Include="System\Utility.cpp">
      <Filter>System</Filter>
    </ClCompile>
    <ClCompile Include="System\Utility\ScreenToWorld.cpp">
      <Filter>System\Utility</Filter>
    </ClCompile>
    <ClCompile Include="System\Utility\WorldToScreen.cpp">
      <Filter>System\Utility</Filter>
    </ClCompile>
    <ClCompile Include="UI\Component\DialogueUI.cpp">
      <Filter>UI\Component</Filter>
    </ClCompile>
    <ClCompile Include="UI\Component\EnemyActionUI.cpp">
      <Filter>UI\Component</Filter>
    </ClCompile>
    <ClCompile Include="UI\Component\HPBar.cpp">
      <Filter>UI\Component</Filter>
    </ClCompile>
    <ClCompile Include="UI\Component\TutorialUI.cpp">
      <Filter>UI\Component</Filter>
    </ClCompile>
    <ClCompile Include="UI\System\DamageNumberManager.cpp">
      <Filter>UI\System</Filter>
    </ClCompile>
    <ClCompile Include="UI\System\GameUIManager.cpp">
      <Filter>UI\System</Filter>
    </ClCompile>
    <ClCompile Include="System\imgui\imgui.cpp">
      <Filter>System\imgui</Filter>
    </ClCompile>
    <ClCompile Include="System\imgui\imgui_demo.cpp">
      <Filter>System\imgui</Filter>
    </ClCompile>
    <ClCompile Include="System\imgui\imgui_draw.cpp">
      <Filter>System\imgui</Filter>
    </ClCompile>
    <ClCompile Include="System\imgui\imgui_impl_dx11.cpp">
      <Filter>System\imgui</Filter>
    </ClCompile>
    <ClCompile Include="System\imgui\imgui_impl_win32.cpp">
      <Filter>System\imgui</Filter>
    </ClCompile>
    <ClCompile Include="System\imgui\imgui_tables.cpp">
      <Filter>System\imgui</Filter>
    </ClCompile>
    <ClCompile Include="System\imgui\imgui_widgets.cpp">
      <Filter>System\imgui</Filter>
    </ClCompile>
    <ClCompile Include="System\ZFightTunables.cpp">
      <Filter>System</Filter>
    </ClCompile>
    <ClCompile Include="GamePlay\Scene\GameSceneDebugUI.cpp">
      <Filter>GamePlay\Scene</Filter>
    </ClCompile>
    <ClCompile Include="Actor\Character\PlayerActionView.cpp">
      <Filter>Actor\Character</Filter>
    </ClCompile>
    <ClCompile Include="GamePlay\Scene\IntroDirector.cpp">
      <Filter>GamePlay\Scene</Filter>
    </ClCompile>
    <ClCompile Include="GamePlay\Scene\GameResultJudge.cpp">
      <Filter>GamePlay\Scene</Filter>
    </ClCompile>
  </ItemGroup>
  <ItemGroup>
    <ClInclude Include="Core\Application.h">
      <Filter>Core</Filter>
    </ClInclude>
    <ClInclude Include="Core\Game.h">
      <Filter>Core</Filter>
    </ClInclude>
    <ClInclude Include="Core\GameContext.h">
      <Filter>Core</Filter>
    </ClInclude>
    <ClInclude Include="Core\main.h">
      <Filter>Core</Filter>
    </ClInclude>
    <ClInclude Include="GamePlay\Manager\EffectManager.h">
      <Filter>GamePlay\Manager</Filter>
    </ClInclude>
    <ClInclude Include="GamePlay\Manager\EnemyManager.h">
      <Filter>GamePlay\Manager</Filter>
    </ClInclude>
    <ClInclude Include="GamePlay\Manager\MapManager.h">
      <Filter>GamePlay\Manager</Filter>
    </ClInclude>
    <ClInclude Include="GamePlay\Manager\TurnManager.h">
      <Filter>GamePlay\Manager</Filter>
    </ClInclude>
    <ClInclude Include="GamePlay\Scene\Background.h">
      <Filter>GamePlay\Scene</Filter>
    </ClInclude>
    <ClInclude Include="GamePlay\Scene\GameClearScene.h">
      <Filter>GamePlay\Scene</Filter>
    </ClInclude>
    <ClInclude Include="GamePlay\Scene\GameOverScene.h">
      <Filter>GamePlay\Scene</Filter>
    </ClInclude>
    <ClInclude Include="GamePlay\Scene\GameScene.h">
      <Filter>GamePlay\Scene</Filter>
    </ClInclude>
    <ClInclude Include="GamePlay\Scene\TitleScene.h">
      <Filter>GamePlay\Scene</Filter>
    </ClInclude>
    <ClInclude Include="Actor\Base\Gameobject.h">
      <Filter>Actor\Base</Filter>
    </ClInclude>
    <ClInclude Include="Actor\Base\MapObject.h">
      <Filter>Actor\Base</Filter>
    </ClInclude>
    <ClInclude Include="Actor\Base\Unit.h">
      <Filter>Actor\Base</Filter>
    </ClInclude>
    <ClInclude Include="Actor\Character\Ally.h">
      <Filter>Actor\Character</Filter>
    </ClInclude>
    <ClInclude Include="Actor\Character\Enemy.h">
      <Filter>Actor\Character</Filter>
    </ClInclude>
    <ClInclude Include="Actor\Character\Player.h">
      <Filter>Actor\Character</Filter>
    </ClInclude>
    <ClInclude Include="Actor\Gimmick\Prop.h">
      <Filter>Actor\Gimmick</Filter>
    </ClInclude>
    <ClInclude Include="Actor\Gimmick\Trap.h">
      <Filter>Actor\Gimmick</Filter>
    </ClInclude>
    <ClInclude Include="System\Audio\AudioManager.h">
      <Filter>System\Audio</Filter>
    </ClInclude>
    <ClInclude Include="System\AimOrientation.h">
      <Filter>System</Filter>
    </ClInclude>
    <ClInclude Include="System\AssimpPerse.h">
      <Filter>System</Filter>
    </ClInclude>
    <ClInclude Include="System\BackgroundTransition.h">
      <Filter>System</Filter>
    </ClInclude>
    <ClInclude Include="System\BoxDrawer.h">
      <Filter>System</Filter>
    </ClInclude>
    <ClInclude Include="System\C3DShape.h">
      <Filter>System</Filter>
    </ClInclude>
    <ClInclude Include="System\Camera.h">
      <Filter>System</Filter>
    </ClInclude>
    <ClInclude Include="System\CapsuleDrawer.h">
      <Filter>System</Filter>
    </ClInclude>
    <ClInclude Include="System\CBoxMesh.h">
      <Filter>System</Filter>
    </ClInclude>
    <ClInclude Include="System\CConeMesh.h">
      <Filter>System</Filter>
    </ClInclude>
    <ClInclude Include="System\CCylinderMesh.h">
      <Filter>System</Filter>
    </ClInclude>
    <ClInclude Include="System\CDirectInput.h">
      <Filter>System</Filter>
    </ClInclude>
    <ClInclude Include="System\CIndexBuffer.h">
      <Filter>System</Filter>
    </ClInclude>
    <ClInclude Include="System\CLineMesh.h">
      <Filter>System</Filter>
    </ClInclude>
    <ClInclude Include="System\CMaterial.h">
      <Filter>System</Filter>
    </ClInclude>
    <ClInclude Include="System\CMesh.h">
      <Filter>System</Filter>
    </ClInclude>
    <ClInclude Include="System\CMeshRenderer.h">
      <Filter>System</Filter>
    </ClInclude>
    <ClInclude Include="System\Collision.h">
      <Filter>System</Filter>
    </ClInclude>
    <ClInclude Include="System\CommonTypes.h">
      <Filter>System</Filter>
    </ClInclude>
    <ClInclude Include="System\ConeDrawer.h">
      <Filter>System</Filter>
    </ClInclude>
    <ClInclude Include="System\CPlane.h">
      <Filter>System</Filter>
    </ClInclude>
    <ClInclude Include="System\CPlaneMesh.h">
      <Filter>System</Filter>
    </ClInclude>
    <ClInclude Include="System\CPolar3D.h">
      <Filter>System</Filter>
    </ClInclude>
    <ClInclude Include="System\CShader.h">
      <Filter>System</Filter>
    </ClInclude>
    <ClInclude Include="System\CSphereMesh.h">
      <Filter>System</Filter>
    </ClInclude>
    <ClInclude Include="System\CSprite.h">
      <Filter>System</Filter>
    </ClInclude>
    <ClInclude Include="System\CStaticMesh.h">
      <Filter>System</Filter>
    </ClInclude>
    <ClInclude Include="System\CStaticMeshRenderer.h">
      <Filter>System</Filter>
    </ClInclude>
    <ClInclude Include="System\CTexture.h">
      <Filter>System</Filter>
    </ClInclude>
    <ClInclude Include="System\CTreeNode.h">
      <Filter>System</Filter>
    </ClInclude>
    <ClInclude Include="System\CVertexBuffer.h">
      <Filter>System</Filter>
    </ClInclude>
    <ClInclude Include="System\CylinderDrawer.h">
      <Filter>System</Filter>
    </ClInclude>
    <ClInclude Include="System\DebugUI.h">
      <Filter>System</Filter>
    </ClInclude>
    <ClInclude Include="System\Direction.h">
      <Filter>System</Filter>
    </ClInclude>
    <ClInclude Include="System\DirectWrite.h">
      <Filter>System</Filter>
    </ClInclude>
    <ClInclude Include="System\dx11helper.h">
      <Filter>System</Filter>
    </ClInclude>
    <ClInclude Include="System\FadeTransition.h">
      <Filter>System</Filter>
    </ClInclude>
    <ClInclude Include="System\IScene.h">
      <Filter>System</Filter>
    </ClInclude>
    <ClInclude Include="System\LineDrawer.h">
      <Filter>System</Filter>
    </ClInclude>
    <ClInclude Include="System\Meshmanager.h">
      <Filter>System</Filter>
    </ClInclude>
    <ClInclude Include="System\noncopyable.h">
      <Filter>System</Filter>
    </ClInclude>
    <ClInclude Include="System\RandomEngine.h">
      <Filter>System</Filter>
    </ClInclude>
    <ClInclude Include="System\Renderer.h">
      <Filter>System</Filter>
    </ClInclude>
    <ClInclude Include="System\SceneClassFactory.h">
      <Filter>System</Filter>
    </ClInclude>
    <ClInclude Include="System\SceneManager.h">
      <Filter>System</Filter>
    </ClInclude>
    <ClInclude Include="System\SceneTransition.h">
      <Filter>System</Filter>
    </ClInclude>
    <ClInclude Include="System\SphereDrawer.h">
      <Filter>System</Filter>
    </ClInclude>
    <ClInclude Include="System\stb_image.h">
      <Filter>System</Filter>
    </ClInclude>
    <ClInclude Include="System\Transform.h">
      <Filter>System</Filter>
    </ClInclude>
    <ClInclude Include="System\TriangleDrawer.h">
      <Filter>System</Filter>
    </ClInclude>
    <ClInclude Include="System\Utility.h">
      <Filter>System</Filter>
    </ClInclude>
    <ClInclude Include="System\Utility\ScreenToWorld.h">
      <Filter>System\Utility</Filter>
    </ClInclude>
    <ClInclude Include="System\Utility\WorldToScreen.h">
      <Filter>System\Utility</Filter>
    </ClInclude>
    <ClInclude Include="UI\Component\DialogueUI.h">
      <Filter>UI\Component</Filter>
    </ClInclude>
    <ClInclude Include="UI\Component\EnemyActionUI.h">
      <Filter>UI\Component</Filter>
    </ClInclude>
    <ClInclude Include="UI\Component\HPBar.h">
      <Filter>UI\Component</Filter>
    </ClInclude>
    <ClInclude Include="UI\Component\TurnCounter.h">
      <Filter>UI\Component</Filter>
    </ClInclude>
    <ClInclude Include="UI\Component\TurnCutin.h">
      <Filter>UI\Component</Filter>
    </ClInclude>
    <ClInclude Include="UI\Component\TutorialUI.h">
      <Filter>UI\Component</Filter>
    </ClInclude>
    <ClInclude Include="UI\System\DamageNumberManager.h">
      <Filter>UI\System</Filter>
    </ClInclude>
    <ClInclude Include="UI\System\GameUIManager.h">
      <Filter>UI\System</Filter>
    </ClInclude>
    <ClInclude Include="System\Utility\FpsControl.h">
      <Filter>System\Utility</Filter>
    </ClInclude>
    <ClInclude Include="EnumClass\TurnState.h">
      <Filter>EnumClass</Filter>
    </ClInclude>
    <ClInclude Include="System\imgui\imconfig.h">
      <Filter>System\imgui</Filter>
    </ClInclude>
    <ClInclude Include="System\imgui\imgui.h">
      <Filter>System\imgui</Filter>
    </ClInclude>
    <ClInclude Include="System\imgui\imgui_impl_dx11.h">
      <Filter>System\imgui</Filter>
    </ClInclude>
    <ClInclude Include="System\imgui\imgui_impl_win32.h">
      <Filter>System\imgui</Filter>
    </ClInclude>
    <ClInclude Include="System\imgui\imgui_internal.h">
      <Filter>System\imgui</Filter>
    </ClInclude>
    <ClInclude Include="System\imgui\imstb_rectpack.h">
      <Filter>System\imgui</Filter>
    </ClInclude>
    <ClInclude Include="System\imgui\imstb_textedit.h">
      <Filter>System\imgui</Filter>
    </ClInclude>
    <ClInclude Include="System\imgui\imstb_truetype.h">
      <Filter>System\imgui</Filter>
    </ClInclude>
    <ClInclude Include="System\ZFightTunables.h">
      <Filter>System</Filter>
    </ClInclude>
    <ClInclude Include="Core\DebugLog.h">
      <Filter>Core</Filter>
    </ClInclude>
    <ClInclude Include="GamePlay\Scene\GameSceneDebugUI.h">
      <Filter>GamePlay\Scene</Filter>
    </ClInclude>
    <ClInclude Include="Actor\Character\PlayerActionView.h">
      <Filter>Actor\Character</Filter>
    </ClInclude>
    <ClInclude Include="GamePlay\Scene\IntroDirector.h">
      <Filter>GamePlay\Scene</Filter>
    </ClInclude>
    <ClInclude Include="GamePlay\Scene\GameResultJudge.h">
      <Filter>GamePlay\Scene</Filter>
    </ClInclude>
    <ClInclude Include="System\ModelRegistry.h">
      <Filter>System</Filter>
    </ClInclude>
  </ItemGroup>
  <ItemGroup>
    <FxCompile Include="Shader\ToonVS.hlsl">
      <Filter>Shader</Filter>
    </FxCompile>
    <FxCompile Include="Shader\ToonPS.hlsl">
      <Filter>Shader</Filter>
    </FxCompile>
    <FxCompile Include="Shader\FullScreenVS.hlsl">
      <Filter>Shader</Filter>
    </FxCompile>
    <FxCompile Include="Shader\FullScreenPS.hlsl">
      <Filter>Shader</Filter>
    </FxCompile>
    <FxCompile Include="Shader\OutlineVS.hlsl">
      <Filter>Shader</Filter>
    </FxCompile>
    <FxCompile Include="Shader\OutlinePS.hlsl">
      <Filter>Shader</Filter>
    </FxCompile>
    <FxCompile Include="Shader\BlobVS.hlsl">
      <Filter>Shader</Filter>
    </FxCompile>
    <FxCompile Include="Shader\BlobPS.hlsl">
      <Filter>Shader</Filter>
    </FxCompile>
    <FxCompile Include="Shader\VignettePS.hlsl">
      <Filter>Shader</Filter>
    </FxCompile>
  </ItemGroup>
</Project>